// !$*UTF8*$!
{
	archiveVersion = 1;
	classes = {
	};
	objectVersion = 56;
	objects = {

/* Begin PBXBuildFile section */
		B844351B2A795C7D00DD2BBB /* iOSOpenAIChatDemoApp.swift in Sources */ = {isa = PBXBuildFile; fileRef = B844351A2A795C7D00DD2BBB /* iOSOpenAIChatDemoApp.swift */; };
		B844351F2A795C7F00DD2BBB /* Assets.xcassets in Resources */ = {isa = PBXBuildFile; fileRef = B844351E2A795C7F00DD2BBB /* Assets.xcassets */; };
		B84435222A795C7F00DD2BBB /* Preview Assets.xcassets in Resources */ = {isa = PBXBuildFile; fileRef = B84435212A795C7F00DD2BBB /* Preview Assets.xcassets */; };
		B844352C2A795D2000DD2BBB /* OpenAIService.swift in Sources */ = {isa = PBXBuildFile; fileRef = B844352B2A795D2000DD2BBB /* OpenAIService.swift */; };
		B844352E2A795DDC00DD2BBB /* MessageTileView.swift in Sources */ = {isa = PBXBuildFile; fileRef = B844352D2A795DDC00DD2BBB /* MessageTileView.swift */; };
		B84435312A795EA300DD2BBB /* ChatMessage.swift in Sources */ = {isa = PBXBuildFile; fileRef = B84435302A795EA200DD2BBB /* ChatMessage.swift */; };
		B84435332A79615700DD2BBB /* ChatScreenView.swift in Sources */ = {isa = PBXBuildFile; fileRef = B84435322A79615700DD2BBB /* ChatScreenView.swift */; };
/* End PBXBuildFile section */

/* Begin PBXFileReference section */
		B84435172A795C7D00DD2BBB /* iOSOpenAIChatDemo.app */ = {isa = PBXFileReference; explicitFileType = wrapper.application; includeInIndex = 0; path = iOSOpenAIChatDemo.app; sourceTree = BUILT_PRODUCTS_DIR; };
		B844351A2A795C7D00DD2BBB /* iOSOpenAIChatDemoApp.swift */ = {isa = PBXFileReference; lastKnownFileType = sourcecode.swift; path = iOSOpenAIChatDemoApp.swift; sourceTree = "<group>"; };
		B844351E2A795C7F00DD2BBB /* Assets.xcassets */ = {isa = PBXFileReference; lastKnownFileType = folder.assetcatalog; path = Assets.xcassets; sourceTree = "<group>"; };
		B84435212A795C7F00DD2BBB /* Preview Assets.xcassets */ = {isa = PBXFileReference; lastKnownFileType = folder.assetcatalog; path = "Preview Assets.xcassets"; sourceTree = "<group>"; };
		B844352B2A795D2000DD2BBB /* OpenAIService.swift */ = {isa = PBXFileReference; lastKnownFileType = sourcecode.swift; path = OpenAIService.swift; sourceTree = "<group>"; };
		B844352D2A795DDC00DD2BBB /* MessageTileView.swift */ = {isa = PBXFileReference; lastKnownFileType = sourcecode.swift; path = MessageTileView.swift; sourceTree = "<group>"; };
		B84435302A795EA200DD2BBB /* ChatMessage.swift */ = {isa = PBXFileReference; lastKnownFileType = sourcecode.swift; path = ChatMessage.swift; sourceTree = "<group>"; };
		B84435322A79615700DD2BBB /* ChatScreenView.swift */ = {isa = PBXFileReference; lastKnownFileType = sourcecode.swift; path = ChatScreenView.swift; sourceTree = "<group>"; };
/* End PBXFileReference section */

/* Begin PBXFrameworksBuildPhase section */
		B84435142A795C7D00DD2BBB /* Frameworks */ = {
			isa = PBXFrameworksBuildPhase;
			buildActionMask = 2147483647;
			files = (
			);
			runOnlyForDeploymentPostprocessing = 0;
		};
/* End PBXFrameworksBuildPhase section */

/* Begin PBXGroup section */
		B844350E2A795C7D00DD2BBB = {
			isa = PBXGroup;
			children = (
				B84435192A795C7D00DD2BBB /* iOSOpenAIChatDemo */,
				B84435182A795C7D00DD2BBB /* Products */,
			);
			sourceTree = "<group>";
		};
		B84435182A795C7D00DD2BBB /* Products */ = {
			isa = PBXGroup;
			children = (
				B84435172A795C7D00DD2BBB /* iOSOpenAIChatDemo.app */,
			);
			name = Products;
			sourceTree = "<group>";
		};
		B84435192A795C7D00DD2BBB /* iOSOpenAIChatDemo */ = {
			isa = PBXGroup;
			children = (
				B844352F2A795E6B00DD2BBB /* Models */,
				B844352A2A795CB200DD2BBB /* Service */,
				B84435292A795CA900DD2BBB /* Views */,
				B844351A2A795C7D00DD2BBB /* iOSOpenAIChatDemoApp.swift */,
				B844351E2A795C7F00DD2BBB /* Assets.xcassets */,
				B84435202A795C7F00DD2BBB /* Preview Content */,
			);
			path = iOSOpenAIChatDemo;
			sourceTree = "<group>";
		};
		B84435202A795C7F00DD2BBB /* Preview Content */ = {
			isa = PBXGroup;
			children = (
				B84435212A795C7F00DD2BBB /* Preview Assets.xcassets */,
			);
			path = "Preview Content";
			sourceTree = "<group>";
		};
		B84435292A795CA900DD2BBB /* Views */ = {
			isa = PBXGroup;
			children = (
				B844352D2A795DDC00DD2BBB /* MessageTileView.swift */,
				B84435322A79615700DD2BBB /* ChatScreenView.swift */,
			);
			path = Views;
			sourceTree = "<group>";
		};
		B844352A2A795CB200DD2BBB /* Service */ = {
			isa = PBXGroup;
			children = (
				B844352B2A795D2000DD2BBB /* OpenAIService.swift */,
			);
			path = Service;
			sourceTree = "<group>";
		};
		B844352F2A795E6B00DD2BBB /* Models */ = {
			isa = PBXGroup;
			children = (
				B84435302A795EA200DD2BBB /* ChatMessage.swift */,
			);
			path = Models;
			sourceTree = "<group>";
		};
/* End PBXGroup section */

/* Begin PBXNativeTarget section */
		B84435162A795C7D00DD2BBB /* iOSOpenAIChatDemo */ = {
			isa = PBXNativeTarget;
			buildConfigurationList = B84435252A795C7F00DD2BBB /* Build configuration list for PBXNativeTarget "iOSOpenAIChatDemo" */;
			buildPhases = (
				B84435132A795C7D00DD2BBB /* Sources */,
				B84435142A795C7D00DD2BBB /* Frameworks */,
				B84435152A795C7D00DD2BBB /* Resources */,
			);
			buildRules = (
			);
			dependencies = (
			);
			name = iOSOpenAIChatDemo;
			productName = iOSOpenAIChatDemo;
			productReference = B84435172A795C7D00DD2BBB /* iOSOpenAIChatDemo.app */;
			productType = "com.apple.product-type.application";
		};
/* End PBXNativeTarget section */

/* Begin PBXProject section */
		B844350F2A795C7D00DD2BBB /* Project object */ = {
			isa = PBXProject;
			attributes = {
				BuildIndependentTargetsInParallel = 1;
				LastSwiftUpdateCheck = 1430;
				LastUpgradeCheck = 1430;
				TargetAttributes = {
					B84435162A795C7D00DD2BBB = {
						CreatedOnToolsVersion = 14.3.1;
					};
				};
			};
			buildConfigurationList = B84435122A795C7D00DD2BBB /* Build configuration list for PBXProject "iOSOpenAIChatDemo" */;
			compatibilityVersion = "Xcode 14.0";
			developmentRegion = en;
			hasScannedForEncodings = 0;
			knownRegions = (
				en,
				Base,
			);
			mainGroup = B844350E2A795C7D00DD2BBB;
			productRefGroup = B84435182A795C7D00DD2BBB /* Products */;
			projectDirPath = "";
			projectRoot = "";
			targets = (
				B84435162A795C7D00DD2BBB /* iOSOpenAIChatDemo */,
			);
		};
/* End PBXProject section */

/* Begin PBXResourcesBuildPhase section */
		B84435152A795C7D00DD2BBB /* Resources */ = {
			isa = PBXResourcesBuildPhase;
			buildActionMask = 2147483647;
			files = (
				B84435222A795C7F00DD2BBB /* Preview Assets.xcassets in Resources */,
				B844351F2A795C7F00DD2BBB /* Assets.xcassets in Resources */,
			);
			runOnlyForDeploymentPostprocessing = 0;
		};
/* End PBXResourcesBuildPhase section */

/* Begin PBXSourcesBuildPhase section */
		B84435132A795C7D00DD2BBB /* Sources */ = {
			isa = PBXSourcesBuildPhase;
			buildActionMask = 2147483647;
			files = (
				B84435332A79615700DD2BBB /* ChatScreenView.swift in Sources */,
				B844351B2A795C7D00DD2BBB /* iOSOpenAIChatDemoApp.swift in Sources */,
				B844352E2A795DDC00DD2BBB /* MessageTileView.swift in Sources */,
				B84435312A795EA300DD2BBB /* ChatMessage.swift in Sources */,
				B844352C2A795D2000DD2BBB /* OpenAIService.swift in Sources */,
			);
			runOnlyForDeploymentPostprocessing = 0;
		};
/* End PBXSourcesBuildPhase section */

/* Begin XCBuildConfiguration section */
		B84435232A795C7F00DD2BBB /* Debug */ = {
			isa = XCBuildConfiguration;
			buildSettings = {
				ALWAYS_SEARCH_USER_PATHS = NO;
				CLANG_ANALYZER_NONNULL = YES;
				CLANG_ANALYZER_NUMBER_OBJECT_CONVERSION = YES_AGGRESSIVE;
				CLANG_CXX_LANGUAGE_STANDARD = "gnu++20";
				CLANG_ENABLE_MODULES = YES;
				CLANG_ENABLE_OBJC_ARC = YES;
				CLANG_ENABLE_OBJC_WEAK = YES;
				CLANG_WARN_BLOCK_CAPTURE_AUTORELEASING = YES;
				CLANG_WARN_BOOL_CONVERSION = YES;
				CLANG_WARN_COMMA = YES;
				CLANG_WARN_CONSTANT_CONVERSION = YES;
				CLANG_WARN_DEPRECATED_OBJC_IMPLEMENTATIONS = YES;
				CLANG_WARN_DIRECT_OBJC_ISA_USAGE = YES_ERROR;
				CLANG_WARN_DOCUMENTATION_COMMENTS = YES;
				CLANG_WARN_EMPTY_BODY = YES;
				CLANG_WARN_ENUM_CONVERSION = YES;
				CLANG_WARN_INFINITE_RECURSION = YES;
				CLANG_WARN_INT_CONVERSION = YES;
				CLANG_WARN_NON_LITERAL_NULL_CONVERSION = YES;
				CLANG_WARN_OBJC_IMPLICIT_RETAIN_SELF = YES;
				CLANG_WARN_OBJC_LITERAL_CONVERSION = YES;
				CLANG_WARN_OBJC_ROOT_CLASS = YES_ERROR;
				CLANG_WARN_QUOTED_INCLUDE_IN_FRAMEWORK_HEADER = YES;
				CLANG_WARN_RANGE_LOOP_ANALYSIS = YES;
				CLANG_WARN_STRICT_PROTOTYPES = YES;
				CLANG_WARN_SUSPICIOUS_MOVE = YES;
				CLANG_WARN_UNGUARDED_AVAILABILITY = YES_AGGRESSIVE;
				CLANG_WARN_UNREACHABLE_CODE = YES;
				CLANG_WARN__DUPLICATE_METHOD_MATCH = YES;
				COPY_PHASE_STRIP = NO;
				DEBUG_INFORMATION_FORMAT = dwarf;
				ENABLE_STRICT_OBJC_MSGSEND = YES;
				ENABLE_TESTABILITY = YES;
				GCC_C_LANGUAGE_STANDARD = gnu11;
				GCC_DYNAMIC_NO_PIC = NO;
				GCC_NO_COMMON_BLOCKS = YES;
				GCC_OPTIMIZATION_LEVEL = 0;
				GCC_PREPROCESSOR_DEFINITIONS = (
					"DEBUG=1",
					"$(inherited)",
				);
				GCC_WARN_64_TO_32_BIT_CONVERSION = YES;
				GCC_WARN_ABOUT_RETURN_TYPE = YES_ERROR;
				GCC_WARN_UNDECLARED_SELECTOR = YES;
				GCC_WARN_UNINITIALIZED_AUTOS = YES_AGGRESSIVE;
				GCC_WARN_UNUSED_FUNCTION = YES;
				GCC_WARN_UNUSED_VARIABLE = YES;
				IPHONEOS_DEPLOYMENT_TARGET = 16.4;
				MTL_ENABLE_DEBUG_INFO = INCLUDE_SOURCE;
				MTL_FAST_MATH = YES;
				ONLY_ACTIVE_ARCH = YES;
				SDKROOT = iphoneos;
				SWIFT_ACTIVE_COMPILATION_CONDITIONS = DEBUG;
				SWIFT_OPTIMIZATION_LEVEL = "-Onone";
			};
			name = Debug;
		};
		B84435242A795C7F00DD2BBB /* Release */ = {
			isa = XCBuildConfiguration;
			buildSettings = {
				ALWAYS_SEARCH_USER_PATHS = NO;
				CLANG_ANALYZER_NONNULL = YES;
				CLANG_ANALYZER_NUMBER_OBJECT_CONVERSION = YES_AGGRESSIVE;
				CLANG_CXX_LANGUAGE_STANDARD = "gnu++20";
				CLANG_ENABLE_MODULES = YES;
				CLANG_ENABLE_OBJC_ARC = YES;
				CLANG_ENABLE_OBJC_WEAK = YES;
				CLANG_WARN_BLOCK_CAPTURE_AUTORELEASING = YES;
				CLANG_WARN_BOOL_CONVERSION = YES;
				CLANG_WARN_COMMA = YES;
				CLANG_WARN_CONSTANT_CONVERSION = YES;
				CLANG_WARN_DEPRECATED_OBJC_IMPLEMENTATIONS = YES;
				CLANG_WARN_DIRECT_OBJC_ISA_USAGE = YES_ERROR;
				CLANG_WARN_DOCUMENTATION_COMMENTS = YES;
				CLANG_WARN_EMPTY_BODY = YES;
				CLANG_WARN_ENUM_CONVERSION = YES;
				CLANG_WARN_INFINITE_RECURSION = YES;
				CLANG_WARN_INT_CONVERSION = YES;
				CLANG_WARN_NON_LITERAL_NULL_CONVERSION = YES;
				CLANG_WARN_OBJC_IMPLICIT_RETAIN_SELF = YES;
				CLANG_WARN_OBJC_LITERAL_CONVERSION = YES;
				CLANG_WARN_OBJC_ROOT_CLASS = YES_ERROR;
				CLANG_WARN_QUOTED_INCLUDE_IN_FRAMEWORK_HEADER = YES;
				CLANG_WARN_RANGE_LOOP_ANALYSIS = YES;
				CLANG_WARN_STRICT_PROTOTYPES = YES;
				CLANG_WARN_SUSPICIOUS_MOVE = YES;
				CLANG_WARN_UNGUARDED_AVAILABILITY = YES_AGGRESSIVE;
				CLANG_WARN_UNREACHABLE_CODE = YES;
				CLANG_WARN__DUPLICATE_METHOD_MATCH = YES;
				COPY_PHASE_STRIP = NO;
				DEBUG_INFORMATION_FORMAT = "dwarf-with-dsym";
				ENABLE_NS_ASSERTIONS = NO;
				ENABLE_STRICT_OBJC_MSGSEND = YES;
				GCC_C_LANGUAGE_STANDARD = gnu11;
				GCC_NO_COMMON_BLOCKS = YES;
				GCC_WARN_64_TO_32_BIT_CONVERSION = YES;
				GCC_WARN_ABOUT_RETURN_TYPE = YES_ERROR;
				GCC_WARN_UNDECLARED_SELECTOR = YES;
				GCC_WARN_UNINITIALIZED_AUTOS = YES_AGGRESSIVE;
				GCC_WARN_UNUSED_FUNCTION = YES;
				GCC_WARN_UNUSED_VARIABLE = YES;
				IPHONEOS_DEPLOYMENT_TARGET = 16.4;
				MTL_ENABLE_DEBUG_INFO = NO;
				MTL_FAST_MATH = YES;
				SDKROOT = iphoneos;
				SWIFT_COMPILATION_MODE = wholemodule;
				SWIFT_OPTIMIZATION_LEVEL = "-O";
				VALIDATE_PRODUCT = YES;
			};
			name = Release;
		};
		B84435262A795C7F00DD2BBB /* Debug */ = {
			isa = XCBuildConfiguration;
			buildSettings = {
				ASSETCATALOG_COMPILER_APPICON_NAME = AppIcon;
				ASSETCATALOG_COMPILER_GLOBAL_ACCENT_COLOR_NAME = AccentColor;
				CODE_SIGN_STYLE = Automatic;
				CURRENT_PROJECT_VERSION = 1;
				DEVELOPMENT_ASSET_PATHS = "\"iOSOpenAIChatDemo/Preview Content\"";
				ENABLE_PREVIEWS = YES;
				GENERATE_INFOPLIST_FILE = YES;
				INFOPLIST_KEY_UIApplicationSceneManifest_Generation = YES;
				INFOPLIST_KEY_UIApplicationSupportsIndirectInputEvents = YES;
				INFOPLIST_KEY_UILaunchScreen_Generation = YES;
				INFOPLIST_KEY_UISupportedInterfaceOrientations_iPad = "UIInterfaceOrientationPortrait UIInterfaceOrientationPortraitUpsideDown UIInterfaceOrientationLandscapeLeft UIInterfaceOrientationLandscapeRight";
				INFOPLIST_KEY_UISupportedInterfaceOrientations_iPhone = "UIInterfaceOrientationPortrait UIInterfaceOrientationLandscapeLeft UIInterfaceOrientationLandscapeRight";
				LD_RUNPATH_SEARCH_PATHS = (
					"$(inherited)",
					"@executable_path/Frameworks",
				);
				MARKETING_VERSION = 1.0;
				PRODUCT_BUNDLE_IDENTIFIER = Learning.iOSOpenAIChatDemo;
				PRODUCT_NAME = "$(TARGET_NAME)";
				SWIFT_EMIT_LOC_STRINGS = YES;
				SWIFT_VERSION = 5.0;
				TARGETED_DEVICE_FAMILY = "1,2";
			};
			name = Debug;
		};
		B84435272A795C7F00DD2BBB /* Release */ = {
			isa = XCBuildConfiguration;
			buildSettings = {
				ASSETCATALOG_COMPILER_APPICON_NAME = AppIcon;
				ASSETCATALOG_COMPILER_GLOBAL_ACCENT_COLOR_NAME = AccentColor;
				CODE_SIGN_STYLE = Automatic;
				CURRENT_PROJECT_VERSION = 1;
				DEVELOPMENT_ASSET_PATHS = "\"iOSOpenAIChatDemo/Preview Content\"";
				ENABLE_PREVIEWS = YES;
				GENERATE_INFOPLIST_FILE = YES;
				INFOPLIST_KEY_UIApplicationSceneManifest_Generation = YES;
				INFOPLIST_KEY_UIApplicationSupportsIndirectInputEvents = YES;
				INFOPLIST_KEY_UILaunchScreen_Generation = YES;
				INFOPLIST_KEY_UISupportedInterfaceOrientations_iPad = "UIInterfaceOrientationPortrait UIInterfaceOrientationPortraitUpsideDown UIInterfaceOrientationLandscapeLeft UIInterfaceOrientationLandscapeRight";
				INFOPLIST_KEY_UISupportedInterfaceOrientations_iPhone = "UIInterfaceOrientationPortrait UIInterfaceOrientationLandscapeLeft UIInterfaceOrientationLandscapeRight";
				LD_RUNPATH_SEARCH_PATHS = (
					"$(inherited)",
					"@executable_path/Frameworks",
				);
				MARKETING_VERSION = 1.0;
				PRODUCT_BUNDLE_IDENTIFIER = Learning.iOSOpenAIChatDemo;
				PRODUCT_NAME = "$(TARGET_NAME)";
				SWIFT_EMIT_LOC_STRINGS = YES;
				SWIFT_VERSION = 5.0;
				TARGETED_DEVICE_FAMILY = "1,2";
			};
			name = Release;
		};
/* End XCBuildConfiguration section */

/* Begin XCConfigurationList section */
		B84435122A795C7D00DD2BBB /* Build configuration list for PBXProject "iOSOpenAIChatDemo" */ = {
			isa = XCConfigurationList;
			buildConfigurations = (
				B84435232A795C7F00DD2BBB /* Debug */,
				B84435242A795C7F00DD2BBB /* Release */,
			);
			defaultConfigurationIsVisible = 0;
			defaultConfigurationName = Release;
		};
		B84435252A795C7F00DD2BBB /* Build configuration list for PBXNativeTarget "iOSOpenAIChatDemo" */ = {
			isa = XCConfigurationList;
			buildConfigurations = (
				B84435262A795C7F00DD2BBB /* Debug */,
				B84435272A795C7F00DD2BBB /* Release */,
			);
			defaultConfigurationIsVisible = 0;
			defaultConfigurationName = Release;
		};
/* End XCConfigurationList section */
	};
	rootObject = B844350F2A795C7D00DD2BBB /* Project object */;
}
